{
	"name": "sling-web-component-label",
	"version": "1.0.0",
	"lockfileVersion": 1,
	"requires": true,
	"dependencies": {
		"moment": {
			"version": "2.22.2",
			"resolved": "https://registry.npmjs.org/moment/-/moment-2.22.2.tgz",
			"integrity": "sha1-PCV/mDn8DpP/UxSWMiOeuQeD/2Y="
		},
		"sling-helpers": {
			"version": "1.8.0",
			"resolved": "https://registry.npmjs.org/sling-helpers/-/sling-helpers-1.8.0.tgz",
			"integrity": "sha512-KH9R0JTBSXm1oRQ59IcB7B3ix1+Z4ndiQqZAKQM4cGdQwp9xtn5rMxbceDt7CqCOky6HzQ/iATFfOyVTlo7jkA==",
			"requires": {
				"moment": "^2.22.2"
			}
		}
	}
}
