{
  "name": "sling-web-component-field-message",
  "version": "2.1.1",
  "lockfileVersion": 1,
  "requires": true,
  "dependencies": {
    "sling-framework": {
      "version": "1.12.2",
      "requires": {
        "sling-helpers": "^1.12.2"
      },
      "dependencies": {
        "sling-helpers": {
          "version": "1.12.2",
          "bundled": true,
          "requires": {
            "is-plain-object": "^2.0.4",
            "moment": "^2.22.2",
            "timm": "^1.6.1"
          },
          "dependencies": {
            "is-plain-object": {
              "version": "2.0.4",
              "bundled": true,
              "requires": {
                "isobject": "^3.0.1"
              }
            },
            "isobject": {
              "version": "3.0.1",
              "bundled": true
            },
            "moment": {
              "version": "2.23.0",
              "bundled": true
            },
            "timm": {
              "version": "1.6.1",
              "bundled": true
            }
          }
        }
      }
    },
    "sling-helpers": {
      "version": "1.12.2",
      "requires": {
        "is-plain-object": "^2.0.4",
        "moment": "^2.22.2",
        "timm": "^1.6.1"
      },
      "dependencies": {
        "is-plain-object": {
          "version": "2.0.4",
          "bundled": true,
          "requires": {
            "isobject": "^3.0.1"
          }
        },
        "isobject": {
          "version": "3.0.1",
          "bundled": true
        },
        "moment": {
          "version": "2.23.0",
          "bundled": true
        },
        "timm": {
          "version": "1.6.1",
          "bundled": true
        }
      }
    }
  }
}
