{
	"name": "sling-web-component-loader-wrapper",
	"version": "0.16.0",
	"lockfileVersion": 1,
	"requires": true,
	"dependencies": {
		"imask": {
			"version": "3.4.0",
			"resolved": "https://registry.npmjs.org/imask/-/imask-3.4.0.tgz",
			"integrity": "sha512-sPiKtnn7WVc9x8W64rsiaBGzNDGI+cNYL/ZOpQoFryh46tj5zkAMG8pGjVodS4cDqn+iL8D4neRCTPtd5leJrg=="
		},
		"redux-thunk": {
			"version": "2.3.0",
			"resolved": "https://registry.npmjs.org/redux-thunk/-/redux-thunk-2.3.0.tgz",
			"integrity": "sha512-km6dclyFnmcvxhAcrQV2AkZmPQjzPDjgVlQtR0EQjxZPyJ0BnMf3in1ryuR8A2qU0HldVRfxYXbFSKlI3N7Slw=="
		},
		"sling-web-component-loader": {
			"version": "0.13.2",
			"resolved": "https://registry.npmjs.org/sling-web-component-loader/-/sling-web-component-loader-0.13.2.tgz",
			"integrity": "sha512-4p/DAQH0IIZZrulW30/6yteYgL4Btu7uyJ5Xau5ObKUfeAoZOxSG9BOAGq7r8J+SYYFrU7Pzxdc3bPvnNhN+ow==",
			"requires": {
				"sling-web-framework": "0.13.2",
				"sling-web-helpers": "0.13.0"
			}
		},
		"sling-web-component-sdk-connect": {
			"version": "0.13.0",
			"resolved": "https://registry.npmjs.org/sling-web-component-sdk-connect/-/sling-web-component-sdk-connect-0.13.0.tgz",
			"integrity": "sha512-ckPxjtpTY/OuvNU73gpDUDrsUujJrYn4Glqa1yfjl2I9h75PwpEk+e3zvCIhXZNI4l59jYe3F0SW4XFsC3oc3Q==",
			"requires": {
				"sling-web-helpers": "0.13.0"
			}
		},
		"sling-web-framework": {
			"version": "0.13.2",
			"resolved": "https://registry.npmjs.org/sling-web-framework/-/sling-web-framework-0.13.2.tgz",
			"integrity": "sha512-vHevX9l+OH5vETM9rXOT2QFpqwL922OvTxkid77euBIjFraITZIpivZ69Y6rsGJQEuun7QzKzVwMAYho9zFjFw==",
			"requires": {
				"sling-web-helpers": "0.13.0",
				"sling-web-sdk": "0.13.2"
			}
		},
		"sling-web-helpers": {
			"version": "0.13.0",
			"resolved": "https://registry.npmjs.org/sling-web-helpers/-/sling-web-helpers-0.13.0.tgz",
			"integrity": "sha512-Kefn7Gr/okBS7v4paIwaqO/OenHtDPgSciKz7q7eS8hTQMRgT7F2scmnUOxaN5/qVdgIy+IjiUELE0HgP1Si1Q==",
			"requires": {
				"imask": "3.4.0"
			}
		},
		"sling-web-sdk": {
			"version": "0.13.2",
			"resolved": "https://registry.npmjs.org/sling-web-sdk/-/sling-web-sdk-0.13.2.tgz",
			"integrity": "sha512-817KXv6Qa4GR9JQ7xHLnsg/9b5fhvCng08HYsquJKBDSOA87CGdRo+YzvAuhmCwPm+SF7C4oVFmaga5TnkLW6A==",
			"requires": {
				"redux-thunk": "2.3.0",
				"sling-web-component-sdk-connect": "0.13.0",
				"sling-web-helpers": "0.13.0"
			}
		}
	}
}
