{
  "name": "sling-web-component-brand-icon",
  "version": "1.8.0",
  "lockfileVersion": 1,
  "requires": true,
  "dependencies": {
    "sling-assets": {
      "version": "1.1.0",
      "resolved": "https://registry.npmjs.org/sling-assets/-/sling-assets-1.1.0.tgz",
      "integrity": "sha512-Yl14cgwvpm3/NZ0ViMLWY+oPgEXLjlh7/a1Val34mxP+u8CTCVHQv5aOF8E3aaQZeSo6d3Cp3pkDzImEdZ4DDQ=="
    },
    "sling-framework": {
      "version": "1.9.0",
      "requires": {
        "sling-helpers": "^1.9.1"
      },
      "dependencies": {
        "sling-helpers": {
          "version": "1.10.0",
          "bundled": true,
          "requires": {
            "moment": "^2.22.2"
          },
          "dependencies": {
            "moment": {
              "version": "2.22.2",
              "bundled": true
            }
          }
        }
      }
    },
    "sling-helpers": {
      "version": "1.10.0",
      "requires": {
        "moment": "^2.22.2"
      },
      "dependencies": {
        "moment": {
          "version": "2.22.2",
          "bundled": true
        }
      }
    }
  }
}
