{
	"name": "sling-web-component-input",
	"version": "1.11.4",
	"lockfileVersion": 1,
	"requires": true,
	"dependencies": {
		"imask": {
			"version": "4.1.1",
			"resolved": "https://registry.npmjs.org/imask/-/imask-4.1.1.tgz",
			"integrity": "sha512-d/wdi43ftfUYe+FqFlsQ7HXXWdXP7iRyZCWyJJpiLMEwMDTTsPh/EBhKIB2AFtsNkvO1Igvpr6cNvpJdR9AmUQ=="
		}
	}
}
