{
	"name": "sling-web-component-input",
	"version": "1.12.2",
	"lockfileVersion": 1,
	"requires": true,
	"dependencies": {
		"imask": {
			"version": "4.1.3",
			"resolved": "https://registry.npmjs.org/imask/-/imask-4.1.3.tgz",
			"integrity": "sha512-80lmstPqz0VnbtR8T93CbUnWX/groWnTAnBe4TguB3lPwtuqqYOF6JtA1x7+IY/hA+GQ0u4dJ1zvS8+rY4WAfA=="
		}
	}
}
