{
	"requires": true,
	"lockfileVersion": 1,
	"dependencies": {
		"imask": {
			"version": "3.4.0",
			"resolved": "https://registry.npmjs.org/imask/-/imask-3.4.0.tgz",
			"integrity": "sha512-sPiKtnn7WVc9x8W64rsiaBGzNDGI+cNYL/ZOpQoFryh46tj5zkAMG8pGjVodS4cDqn+iL8D4neRCTPtd5leJrg=="
		},
		"redux-thunk": {
			"version": "2.3.0",
			"resolved": "https://registry.npmjs.org/redux-thunk/-/redux-thunk-2.3.0.tgz",
			"integrity": "sha512-km6dclyFnmcvxhAcrQV2AkZmPQjzPDjgVlQtR0EQjxZPyJ0BnMf3in1ryuR8A2qU0HldVRfxYXbFSKlI3N7Slw=="
		},
		"sling-web-component-sdk-connect": {
			"version": "0.16.0",
			"resolved": "https://registry.npmjs.org/sling-web-component-sdk-connect/-/sling-web-component-sdk-connect-0.16.0.tgz",
			"integrity": "sha512-S0mawLb5XmTvgNVMndMmOnAHiaWP85LfsvXYmRmmIYjLbdacNCvs8/+8i0xPMCz2EDpHY89t6kARz9t4cGmUIg==",
			"requires": {
				"sling-web-helpers": "0.16.0"
			}
		},
		"sling-web-framework": {
			"version": "0.16.0",
			"resolved": "https://registry.npmjs.org/sling-web-framework/-/sling-web-framework-0.16.0.tgz",
			"integrity": "sha512-fuk1sLTlRQRKnaq0r8KLiZBfOogrb91MR0zUT9RilxbllsDaL4fginYygd2dKSVo/r2qc5BZsArn10yV34NhMQ==",
			"requires": {
				"sling-web-helpers": "0.16.0",
				"sling-web-sdk": "0.16.0",
				"sling-web-storage": "0.16.0"
			}
		},
		"sling-web-helpers": {
			"version": "0.16.0",
			"resolved": "https://registry.npmjs.org/sling-web-helpers/-/sling-web-helpers-0.16.0.tgz",
			"integrity": "sha512-HcHd5cjeBQCR/NTwRD6uOI88vdm3d+Zbtdwp2TLuMjni9Ji4cjPyUqgRsvrBL34uhTp74FE4eqJTE1zCqUut7g==",
			"requires": {
				"imask": "3.4.0"
			}
		},
		"sling-web-sdk": {
			"version": "0.16.0",
			"resolved": "https://registry.npmjs.org/sling-web-sdk/-/sling-web-sdk-0.16.0.tgz",
			"integrity": "sha512-HyGWxta4iqBg9R5/Th8FpCZmXpw+fszGx2ovGIjSnBZyIyuHdT5NNImZIcU6gN9GdkuiqVsSqH4ndjmQmWGCLw==",
			"requires": {
				"redux-thunk": "2.3.0",
				"sling-web-component-sdk-connect": "0.16.0",
				"sling-web-helpers": "0.16.0"
			}
		},
		"sling-web-storage": {
			"version": "0.16.0",
			"resolved": "https://registry.npmjs.org/sling-web-storage/-/sling-web-storage-0.16.0.tgz",
			"integrity": "sha512-xO+PbtTrHGoK+ujee9JQsb4/dd7U5oKXbUGzsAPkFomzQ2Ot0hdtOJ2n86fsYkSek57T9zb/v15Oz79uCCtwng==",
			"requires": {
				"sling-web-helpers": "0.16.0"
			}
		}
	}
}
