{
	"name": "@stone-payments/emd-basic-money-promo",
	"version": "0.1.1",
	"lockfileVersion": 1,
	"requires": true,
	"dependencies": {
		"@stone-payments/emd-helpers": {
			"version": "1.0.0",
			"resolved": "https://registry.npmjs.org/@stone-payments/emd-helpers/-/emd-helpers-1.0.0.tgz",
			"integrity": "sha512-UUdYuYy/2a5+xQsiEuLm6UieVYY0dLzXVtFwMl3OYeGwqmBJ4nepNXEOfFbnqNkz8U/brWavMoP/PB9xVnQ6bg==",
			"requires": {
				"bluebird": "^3.5.3",
				"change-case": "^3.1.0",
				"date-fns": "^1.30.1",
				"is-plain-object": "^2.0.4",
				"timm": "^1.6.1"
			}
		},
		"@stone-payments/emd-hocs": {
			"version": "1.0.1",
			"resolved": "https://registry.npmjs.org/@stone-payments/emd-hocs/-/emd-hocs-1.0.1.tgz",
			"integrity": "sha512-EBFk/GBPrl6KCff0oHCBDt5resAaAkOe1rPYLWtjaHF1iyrJ9dK2W/gfgteAw/iczHiDpqcSlEoxJSgKBmo0PQ==",
			"requires": {
				"@stone-payments/emd-helpers": "^1.0.0"
			}
		},
		"bluebird": {
			"version": "3.5.5",
			"resolved": "https://registry.npmjs.org/bluebird/-/bluebird-3.5.5.tgz",
			"integrity": "sha512-5am6HnnfN+urzt4yfg7IgTbotDjIT/u8AJpEt0sIU9FtXfVeezXAPKswrG+xKUCOYAINpSdgZVDU6QFh+cuH3w=="
		},
		"camel-case": {
			"version": "3.0.0",
			"resolved": "https://registry.npmjs.org/camel-case/-/camel-case-3.0.0.tgz",
			"integrity": "sha1-yjw2iKTpzzpM2nd9xNy8cTJJz3M=",
			"requires": {
				"no-case": "^2.2.0",
				"upper-case": "^1.1.1"
			}
		},
		"change-case": {
			"version": "3.1.0",
			"resolved": "https://registry.npmjs.org/change-case/-/change-case-3.1.0.tgz",
			"integrity": "sha512-2AZp7uJZbYEzRPsFoa+ijKdvp9zsrnnt6+yFokfwEpeJm0xuJDVoxiRCAaTzyJND8GJkofo2IcKWaUZ/OECVzw==",
			"requires": {
				"camel-case": "^3.0.0",
				"constant-case": "^2.0.0",
				"dot-case": "^2.1.0",
				"header-case": "^1.0.0",
				"is-lower-case": "^1.1.0",
				"is-upper-case": "^1.1.0",
				"lower-case": "^1.1.1",
				"lower-case-first": "^1.0.0",
				"no-case": "^2.3.2",
				"param-case": "^2.1.0",
				"pascal-case": "^2.0.0",
				"path-case": "^2.1.0",
				"sentence-case": "^2.1.0",
				"snake-case": "^2.1.0",
				"swap-case": "^1.1.0",
				"title-case": "^2.1.0",
				"upper-case": "^1.1.1",
				"upper-case-first": "^1.1.0"
			}
		},
		"constant-case": {
			"version": "2.0.0",
			"resolved": "https://registry.npmjs.org/constant-case/-/constant-case-2.0.0.tgz",
			"integrity": "sha1-QXV2TTidP6nI7NKRhu1gBSQ7akY=",
			"requires": {
				"snake-case": "^2.1.0",
				"upper-case": "^1.1.1"
			}
		},
		"date-fns": {
			"version": "1.30.1",
			"resolved": "https://registry.npmjs.org/date-fns/-/date-fns-1.30.1.tgz",
			"integrity": "sha512-hBSVCvSmWC+QypYObzwGOd9wqdDpOt+0wl0KbU+R+uuZBS1jN8VsD1ss3irQDknRj5NvxiTF6oj/nDRnN/UQNw=="
		},
		"dot-case": {
			"version": "2.1.1",
			"resolved": "https://registry.npmjs.org/dot-case/-/dot-case-2.1.1.tgz",
			"integrity": "sha1-NNzzf1Co6TwrO8qLt/uRVcfaO+4=",
			"requires": {
				"no-case": "^2.2.0"
			}
		},
		"header-case": {
			"version": "1.0.1",
			"resolved": "https://registry.npmjs.org/header-case/-/header-case-1.0.1.tgz",
			"integrity": "sha1-lTWXMZfBRLCWE81l0xfvGZY70C0=",
			"requires": {
				"no-case": "^2.2.0",
				"upper-case": "^1.1.3"
			}
		},
		"is-lower-case": {
			"version": "1.1.3",
			"resolved": "https://registry.npmjs.org/is-lower-case/-/is-lower-case-1.1.3.tgz",
			"integrity": "sha1-fhR75HaNxGbbO/shzGCzHmrWk5M=",
			"requires": {
				"lower-case": "^1.1.0"
			}
		},
		"is-plain-object": {
			"version": "2.0.4",
			"resolved": "https://registry.npmjs.org/is-plain-object/-/is-plain-object-2.0.4.tgz",
			"integrity": "sha512-h5PpgXkWitc38BBMYawTYMWJHFZJVnBquFE57xFpjB8pJFiF6gZ+bU+WyI/yqXiFR5mdLsgYNaPe8uao6Uv9Og==",
			"requires": {
				"isobject": "^3.0.1"
			}
		},
		"is-upper-case": {
			"version": "1.1.2",
			"resolved": "https://registry.npmjs.org/is-upper-case/-/is-upper-case-1.1.2.tgz",
			"integrity": "sha1-jQsfp+eTOh5YSDYA7H2WYcuvdW8=",
			"requires": {
				"upper-case": "^1.1.0"
			}
		},
		"isobject": {
			"version": "3.0.1",
			"resolved": "https://registry.npmjs.org/isobject/-/isobject-3.0.1.tgz",
			"integrity": "sha1-TkMekrEalzFjaqH5yNHMvP2reN8="
		},
		"lower-case": {
			"version": "1.1.4",
			"resolved": "https://registry.npmjs.org/lower-case/-/lower-case-1.1.4.tgz",
			"integrity": "sha1-miyr0bno4K6ZOkv31YdcOcQujqw="
		},
		"lower-case-first": {
			"version": "1.0.2",
			"resolved": "https://registry.npmjs.org/lower-case-first/-/lower-case-first-1.0.2.tgz",
			"integrity": "sha1-5dp8JvKacHO+AtUrrJmA5ZIq36E=",
			"requires": {
				"lower-case": "^1.1.2"
			}
		},
		"no-case": {
			"version": "2.3.2",
			"resolved": "https://registry.npmjs.org/no-case/-/no-case-2.3.2.tgz",
			"integrity": "sha512-rmTZ9kz+f3rCvK2TD1Ue/oZlns7OGoIWP4fc3llxxRXlOkHKoWPPWJOfFYpITabSow43QJbRIoHQXtt10VldyQ==",
			"requires": {
				"lower-case": "^1.1.1"
			}
		},
		"param-case": {
			"version": "2.1.1",
			"resolved": "https://registry.npmjs.org/param-case/-/param-case-2.1.1.tgz",
			"integrity": "sha1-35T9jPZTHs915r75oIWPvHK+Ikc=",
			"requires": {
				"no-case": "^2.2.0"
			}
		},
		"pascal-case": {
			"version": "2.0.1",
			"resolved": "https://registry.npmjs.org/pascal-case/-/pascal-case-2.0.1.tgz",
			"integrity": "sha1-LVeNNFX2YNpl7KGO+VtODekSdh4=",
			"requires": {
				"camel-case": "^3.0.0",
				"upper-case-first": "^1.1.0"
			}
		},
		"path-case": {
			"version": "2.1.1",
			"resolved": "https://registry.npmjs.org/path-case/-/path-case-2.1.1.tgz",
			"integrity": "sha1-lLgDfDctP+KQbkZbtF4l0ibo7qU=",
			"requires": {
				"no-case": "^2.2.0"
			}
		},
		"sentence-case": {
			"version": "2.1.1",
			"resolved": "https://registry.npmjs.org/sentence-case/-/sentence-case-2.1.1.tgz",
			"integrity": "sha1-H24t2jnBaL+S0T+G1KkYkz9mftQ=",
			"requires": {
				"no-case": "^2.2.0",
				"upper-case-first": "^1.1.2"
			}
		},
		"snake-case": {
			"version": "2.1.0",
			"resolved": "https://registry.npmjs.org/snake-case/-/snake-case-2.1.0.tgz",
			"integrity": "sha1-Qb2xtz8w7GagTU4srRt2OH1NbZ8=",
			"requires": {
				"no-case": "^2.2.0"
			}
		},
		"swap-case": {
			"version": "1.1.2",
			"resolved": "https://registry.npmjs.org/swap-case/-/swap-case-1.1.2.tgz",
			"integrity": "sha1-w5IDpFhzhfrTyFCgvRvK+ggZdOM=",
			"requires": {
				"lower-case": "^1.1.1",
				"upper-case": "^1.1.1"
			}
		},
		"timm": {
			"version": "1.6.1",
			"resolved": "https://registry.npmjs.org/timm/-/timm-1.6.1.tgz",
			"integrity": "sha512-hqDTYi/bWuDxL2i6T3v6nrvkAQ/1Bc060GSkVEQZp02zTSTB4CHSKsOkliequCftQaNRcjRqUZmpGWs5FfhrNg=="
		},
		"title-case": {
			"version": "2.1.1",
			"resolved": "https://registry.npmjs.org/title-case/-/title-case-2.1.1.tgz",
			"integrity": "sha1-PhJyFtpY0rxb7PE3q5Ha46fNj6o=",
			"requires": {
				"no-case": "^2.2.0",
				"upper-case": "^1.0.3"
			}
		},
		"upper-case": {
			"version": "1.1.3",
			"resolved": "https://registry.npmjs.org/upper-case/-/upper-case-1.1.3.tgz",
			"integrity": "sha1-9rRQHC7EzdJrp4vnIilh3ndiFZg="
		},
		"upper-case-first": {
			"version": "1.1.2",
			"resolved": "https://registry.npmjs.org/upper-case-first/-/upper-case-first-1.1.2.tgz",
			"integrity": "sha1-XXm+3P8UQZUY/S7bCgUHybaFkRU=",
			"requires": {
				"upper-case": "^1.1.1"
			}
		}
	}
}
