{
  "name": "sling-web-component-select",
  "version": "0.17.0",
  "lockfileVersion": 1,
  "requires": true,
  "dependencies": {
    "moment": {
      "version": "2.22.2",
      "resolved": "https://registry.npmjs.org/moment/-/moment-2.22.2.tgz",
      "integrity": "sha1-PCV/mDn8DpP/UxSWMiOeuQeD/2Y="
    },
    "sling-framework": {
      "version": "1.3.0",
      "resolved": "https://registry.npmjs.org/sling-framework/-/sling-framework-1.3.0.tgz",
      "integrity": "sha512-NOh5hXTlD4SCBTCb8osyx08C6/xF/wBc5m6MueKMvizbcSmBGRpZMpzt6M3dPiOVN3GS911MLYaqMxYqjX2qwQ==",
      "requires": {
        "sling-helpers": "^1.3.0"
      }
    },
    "sling-helpers": {
      "version": "1.3.0",
      "resolved": "https://registry.npmjs.org/sling-helpers/-/sling-helpers-1.3.0.tgz",
      "integrity": "sha512-x8a881RXCGAzGWBFjUXVV+BWwcFreWdaoQ9k1m0YJaH2Qlj/MnW6JeIpH9BoxDxjy/l+JmWfOX/czPlEmtnDhA==",
      "requires": {
        "moment": "^2.22.2"
      }
    }
  }
}
