{
  "name": "sling-web-component-login",
  "version": "1.5.0",
  "lockfileVersion": 1,
  "requires": true,
  "dependencies": {
    "imask": {
      "version": "4.0.0",
      "resolved": "https://registry.npmjs.org/imask/-/imask-4.0.0.tgz",
      "integrity": "sha512-OzPbizQl0EIxgoTPKR5x8UgzVxxNU4huTfxIMsXfUhX8XeF6S3e6TIxAaHlhWgaFvDeITSOLZ4iM2/ynkjyBkA=="
    },
    "moment": {
      "version": "2.22.2",
      "resolved": "https://registry.npmjs.org/moment/-/moment-2.22.2.tgz",
      "integrity": "sha1-PCV/mDn8DpP/UxSWMiOeuQeD/2Y="
    },
    "sling-framework": {
      "version": "1.5.0",
      "resolved": "https://registry.npmjs.org/sling-framework/-/sling-framework-1.5.0.tgz",
      "integrity": "sha512-gljqIDnXvSxCduA+G3tQ6WHjLRZBsKE3ooAJomgnoiIzS2lKQ+JR5HyMlzQqq0t5z20nhxVl794UBV6+R53oNw==",
      "requires": {
        "sling-helpers": "^1.5.0"
      }
    },
    "sling-helpers": {
      "version": "1.5.0",
      "resolved": "https://registry.npmjs.org/sling-helpers/-/sling-helpers-1.5.0.tgz",
      "integrity": "sha512-00xNn4wVv7xTu5H/9WnU4sZEfqgWtIxUwbXiIlAYryMrERBIokMmtdYyVOpbt3XHlVpavhULAXJTfeULVwIzag==",
      "requires": {
        "moment": "^2.22.2"
      }
    },
    "sling-web-component-button": {
      "version": "1.5.0",
      "resolved": "https://registry.npmjs.org/sling-web-component-button/-/sling-web-component-button-1.5.0.tgz",
      "integrity": "sha512-2RAUiMVT+nxb7hLpxv5sxRpgoSTFFRFPriwQ/lWA0xoEWSFHFNC0LQeFfVvArx5K32U5OIIdWTYCqLoxVcYR0A==",
      "requires": {
        "sling-framework": "^1.5.0",
        "sling-helpers": "^1.5.0"
      }
    },
    "sling-web-component-input": {
      "version": "1.5.0",
      "resolved": "https://registry.npmjs.org/sling-web-component-input/-/sling-web-component-input-1.5.0.tgz",
      "integrity": "sha512-sFarFeZ17B6MnJwDz9J+zmoFDVrAxxLImgUDNADZ5tGYuv/9zRTHk7itICEFhPwCPZbzP73B5J/ZabW9d/0OHA==",
      "requires": {
        "imask": "^4.0.0",
        "sling-framework": "^1.5.0",
        "sling-helpers": "^1.5.0"
      }
    }
  }
}
