{
	"name": "sling-web-component-form",
	"version": "0.17.0",
	"lockfileVersion": 1,
	"requires": true,
	"dependencies": {
		"imask": {
			"version": "3.4.0",
			"resolved": "https://registry.npmjs.org/imask/-/imask-3.4.0.tgz",
			"integrity": "sha512-sPiKtnn7WVc9x8W64rsiaBGzNDGI+cNYL/ZOpQoFryh46tj5zkAMG8pGjVodS4cDqn+iL8D4neRCTPtd5leJrg=="
		},
		"redux-thunk": {
			"version": "2.3.0",
			"resolved": "https://registry.npmjs.org/redux-thunk/-/redux-thunk-2.3.0.tgz",
			"integrity": "sha512-km6dclyFnmcvxhAcrQV2AkZmPQjzPDjgVlQtR0EQjxZPyJ0BnMf3in1ryuR8A2qU0HldVRfxYXbFSKlI3N7Slw=="
		},
		"sling-web-component-input": {
			"version": "0.17.0",
			"resolved": "https://registry.npmjs.org/sling-web-component-input/-/sling-web-component-input-0.17.0.tgz",
			"integrity": "sha512-t47fMVVMXWt4UnCDoxk2t7BWaf6vfGCiY+Czpva55xhGvs1Ib8W3wlvYx9xCrpw71Ws6+vRyUuq/W4TwlVJAXw==",
			"requires": {
				"sling-web-framework": "0.17.0",
				"sling-web-helpers": "0.17.0"
			}
		},
		"sling-web-component-sdk-connect": {
			"version": "0.17.0",
			"resolved": "https://registry.npmjs.org/sling-web-component-sdk-connect/-/sling-web-component-sdk-connect-0.17.0.tgz",
			"integrity": "sha512-5phzUv6Q4YQhYD+FOTg5FYR/tbkbe/SufPjo6A8niARrDApfr4hZ/oBOGCuDO6vkWZAe+rnM4WJjuXkjnSkrdg==",
			"requires": {
				"sling-web-helpers": "0.17.0"
			}
		},
		"sling-web-framework": {
			"version": "0.17.0",
			"resolved": "https://registry.npmjs.org/sling-web-framework/-/sling-web-framework-0.17.0.tgz",
			"integrity": "sha512-w9oY7tH/wiegq1ZUk1a+lDywBeJmoegJ/oJAMdjFY/hukwRBmXTw/SIOHZJtHfSZ5ttvYIlQS3IQ/pCswcc+nw==",
			"requires": {
				"sling-web-helpers": "0.17.0",
				"sling-web-sdk": "0.17.0",
				"sling-web-storage": "0.17.0"
			}
		},
		"sling-web-helpers": {
			"version": "0.17.0",
			"resolved": "https://registry.npmjs.org/sling-web-helpers/-/sling-web-helpers-0.17.0.tgz",
			"integrity": "sha512-kpw60QOFkzKedNI+OYaIt3PpX6kVHktD/rUwhHq8YqBcnU9QHF91opXQhWCKtu8PlPXF+qUdOCjV48v9qFzX9w==",
			"requires": {
				"imask": "3.4.0"
			}
		},
		"sling-web-sdk": {
			"version": "0.17.0",
			"resolved": "https://registry.npmjs.org/sling-web-sdk/-/sling-web-sdk-0.17.0.tgz",
			"integrity": "sha512-R4LdyGrGOXGkR8YQGhEP/VxzxdRLoGP8AgLSxLUCMids57W9IK77FlK/RSBI5BpvsA+hcJLWCbVTSdGn1oXGaA==",
			"requires": {
				"redux-thunk": "2.3.0",
				"sling-web-component-sdk-connect": "0.17.0",
				"sling-web-helpers": "0.17.0"
			}
		},
		"sling-web-storage": {
			"version": "0.17.0",
			"resolved": "https://registry.npmjs.org/sling-web-storage/-/sling-web-storage-0.17.0.tgz",
			"integrity": "sha512-V1Xtfwlvr8YNbLKkgEWFRwlcJotrbQFbrIW9KsNEiu5ehNjZOWYT4fKmGMGQGZp3Idj7Y18jeA4YwNkdkBK0qw==",
			"requires": {
				"sling-web-helpers": "0.17.0"
			}
		}
	}
}
