{
	"name": "sling-web-component-form",
	"version": "1.11.5",
	"lockfileVersion": 1,
	"requires": true,
	"dependencies": {
		"timm": {
			"version": "1.6.1",
			"resolved": "https://registry.npmjs.org/timm/-/timm-1.6.1.tgz",
			"integrity": "sha512-hqDTYi/bWuDxL2i6T3v6nrvkAQ/1Bc060GSkVEQZp02zTSTB4CHSKsOkliequCftQaNRcjRqUZmpGWs5FfhrNg=="
		}
	}
}
